// !$*UTF8*$!
{
	archiveVersion = 1;
	classes = {
	};
	objectVersion = 55;
	objects = {

/* Begin PBXBuildFile section */
		0435DB5C27B825D10021488D /* ApiRequests.swift in Sources */ = {isa = PBXBuildFile; fileRef = 0435DB5B27B825D10021488D /* ApiRequests.swift */; };
		0435DB5F27B827CE0021488D /* AppConfigs.swift in Sources */ = {isa = PBXBuildFile; fileRef = 0435DB5E27B827CE0021488D /* AppConfigs.swift */; };
		0435DB6127B836B30021488D /* NetworkManager.swift in Sources */ = {isa = PBXBuildFile; fileRef = 0435DB6027B836B30021488D /* NetworkManager.swift */; };
		0435DB6427B83AD90021488D /* TrackModel.swift in Sources */ = {isa = PBXBuildFile; fileRef = 0435DB6327B83AD90021488D /* TrackModel.swift */; };
		0435DB6627B84A0C0021488D /* ViewControllerVM.swift in Sources */ = {isa = PBXBuildFile; fileRef = 0435DB6527B84A0C0021488D /* ViewControllerVM.swift */; };
		0435DB6F27B84D6B0021488D /* BaseCollectionViewCell.swift in Sources */ = {isa = PBXBuildFile; fileRef = 0435DB6E27B84D6B0021488D /* BaseCollectionViewCell.swift */; };
		0435DB7927BC0EA10021488D /* MusicFlowLayout.swift in Sources */ = {isa = PBXBuildFile; fileRef = 0435DB7827BC0EA10021488D /* MusicFlowLayout.swift */; };
		043617A027B6DF55009B977F /* AppDelegate.swift in Sources */ = {isa = PBXBuildFile; fileRef = 0436179F27B6DF55009B977F /* AppDelegate.swift */; };
		043617A227B6DF55009B977F /* SceneDelegate.swift in Sources */ = {isa = PBXBuildFile; fileRef = 043617A127B6DF55009B977F /* SceneDelegate.swift */; };
		043617A427B6DF55009B977F /* ViewController.swift in Sources */ = {isa = PBXBuildFile; fileRef = 043617A327B6DF55009B977F /* ViewController.swift */; };
		043617A727B6DF55009B977F /* Main.storyboard in Resources */ = {isa = PBXBuildFile; fileRef = 043617A527B6DF55009B977F /* Main.storyboard */; };
		043617A927B6DF56009B977F /* Assets.xcassets in Resources */ = {isa = PBXBuildFile; fileRef = 043617A827B6DF56009B977F /* Assets.xcassets */; };
		043617AC27B6DF56009B977F /* LaunchScreen.storyboard in Resources */ = {isa = PBXBuildFile; fileRef = 043617AA27B6DF56009B977F /* LaunchScreen.storyboard */; };
		043617B727B6DF56009B977F /* iMusicTests.swift in Sources */ = {isa = PBXBuildFile; fileRef = 043617B627B6DF56009B977F /* iMusicTests.swift */; };
		043617C127B6DF56009B977F /* iMusicUITests.swift in Sources */ = {isa = PBXBuildFile; fileRef = 043617C027B6DF56009B977F /* iMusicUITests.swift */; };
		043617C327B6DF56009B977F /* iMusicUITestsLaunchTests.swift in Sources */ = {isa = PBXBuildFile; fileRef = 043617C227B6DF56009B977F /* iMusicUITestsLaunchTests.swift */; };
		044DDF9B27C413A30027758B /* MiniPlayerView.swift in Sources */ = {isa = PBXBuildFile; fileRef = 044DDF9A27C413A30027758B /* MiniPlayerView.swift */; };
		044DDF9E27C419A90027758B /* UIColor+Util.swift in Sources */ = {isa = PBXBuildFile; fileRef = 044DDF9D27C419A90027758B /* UIColor+Util.swift */; };
		044DDFA127C41ECA0027758B /* MiniPlayerVM.swift in Sources */ = {isa = PBXBuildFile; fileRef = 044DDFA027C41ECA0027758B /* MiniPlayerVM.swift */; };
		044DDFA327C420400027758B /* BaseView.swift in Sources */ = {isa = PBXBuildFile; fileRef = 044DDFA227C420400027758B /* BaseView.swift */; };
		044DDFA627C435BB0027758B /* AVPlayer+Rx.swift in Sources */ = {isa = PBXBuildFile; fileRef = 044DDFA527C435BB0027758B /* AVPlayer+Rx.swift */; };
		044DDFAB27C4C5D10027758B /* MiniAVPlayer.swift in Sources */ = {isa = PBXBuildFile; fileRef = 044DDFAA27C4C5D10027758B /* MiniAVPlayer.swift */; };
		044DDFAD27C4C77E0027758B /* Lottie+Util.swift in Sources */ = {isa = PBXBuildFile; fileRef = 044DDFAC27C4C77E0027758B /* Lottie+Util.swift */; };
		044DDFB227C530CD0027758B /* 93280-loading.json in Resources */ = {isa = PBXBuildFile; fileRef = 044DDFB127C530CD0027758B /* 93280-loading.json */; };
		044DDFBE27C559720027758B /* CMTime+Util.swift in Sources */ = {isa = PBXBuildFile; fileRef = 044DDFBD27C559720027758B /* CMTime+Util.swift */; };
		044DDFC027C56F380027758B /* UISlider+rx.swift in Sources */ = {isa = PBXBuildFile; fileRef = 044DDFBF27C56F380027758B /* UISlider+rx.swift */; };
		044DDFC227C5882D0027758B /* PlayerControlView.swift in Sources */ = {isa = PBXBuildFile; fileRef = 044DDFC127C5882D0027758B /* PlayerControlView.swift */; };
		044DDFC527C58A960027758B /* TrackCell.swift in Sources */ = {isa = PBXBuildFile; fileRef = 044DDFC327C58A960027758B /* TrackCell.swift */; };
		044DDFC627C58A960027758B /* TrackCellVM.swift in Sources */ = {isa = PBXBuildFile; fileRef = 044DDFC427C58A960027758B /* TrackCellVM.swift */; };
		044DDFC827C58AC50027758B /* PlayerViewController.swift in Sources */ = {isa = PBXBuildFile; fileRef = 044DDFC727C58AC50027758B /* PlayerViewController.swift */; };
		A49A831346982C4A5A17A45C /* Pods_iMusic.framework in Frameworks */ = {isa = PBXBuildFile; fileRef = EFC991ED20B911ECDC63F2D3 /* Pods_iMusic.framework */; };
		AE502C23FBD776640A90340B /* Pods_iMusicTests.framework in Frameworks */ = {isa = PBXBuildFile; fileRef = C82C5C17E671199B1387E090 /* Pods_iMusicTests.framework */; };
		C9FD25B52A6FB61939EA189D /* Pods_iMusic_iMusicUITests.framework in Frameworks */ = {isa = PBXBuildFile; fileRef = 90C7F094A4D8FFCF111379E1 /* Pods_iMusic_iMusicUITests.framework */; };
/* End PBXBuildFile section */

/* Begin PBXContainerItemProxy section */
		043617B327B6DF56009B977F /* PBXContainerItemProxy */ = {
			isa = PBXContainerItemProxy;
			containerPortal = 0436179427B6DF55009B977F /* Project object */;
			proxyType = 1;
			remoteGlobalIDString = 0436179B27B6DF55009B977F;
			remoteInfo = iMusic;
		};
		043617BD27B6DF56009B977F /* PBXContainerItemProxy */ = {
			isa = PBXContainerItemProxy;
			containerPortal = 0436179427B6DF55009B977F /* Project object */;
			proxyType = 1;
			remoteGlobalIDString = 0436179B27B6DF55009B977F;
			remoteInfo = iMusic;
		};
/* End PBXContainerItemProxy section */

/* Begin PBXFileReference section */
		0435DB5B27B825D10021488D /* ApiRequests.swift */ = {isa = PBXFileReference; lastKnownFileType = sourcecode.swift; path = ApiRequests.swift; sourceTree = "<group>"; };
		0435DB5E27B827CE0021488D /* AppConfigs.swift */ = {isa = PBXFileReference; lastKnownFileType = sourcecode.swift; path = AppConfigs.swift; sourceTree = "<group>"; };
		0435DB6027B836B30021488D /* NetworkManager.swift */ = {isa = PBXFileReference; lastKnownFileType = sourcecode.swift; path = NetworkManager.swift; sourceTree = "<group>"; };
		0435DB6327B83AD90021488D /* TrackModel.swift */ = {isa = PBXFileReference; lastKnownFileType = sourcecode.swift; path = TrackModel.swift; sourceTree = "<group>"; };
		0435DB6527B84A0C0021488D /* ViewControllerVM.swift */ = {isa = PBXFileReference; lastKnownFileType = sourcecode.swift; path = ViewControllerVM.swift; sourceTree = "<group>"; };
		0435DB6E27B84D6B0021488D /* BaseCollectionViewCell.swift */ = {isa = PBXFileReference; lastKnownFileType = sourcecode.swift; path = BaseCollectionViewCell.swift; sourceTree = "<group>"; };
		0435DB7827BC0EA10021488D /* MusicFlowLayout.swift */ = {isa = PBXFileReference; lastKnownFileType = sourcecode.swift; path = MusicFlowLayout.swift; sourceTree = "<group>"; };
		0436179C27B6DF55009B977F /* iMusic.app */ = {isa = PBXFileReference; explicitFileType = wrapper.application; includeInIndex = 0; path = iMusic.app; sourceTree = BUILT_PRODUCTS_DIR; };
		0436179F27B6DF55009B977F /* AppDelegate.swift */ = {isa = PBXFileReference; lastKnownFileType = sourcecode.swift; path = AppDelegate.swift; sourceTree = "<group>"; };
		043617A127B6DF55009B977F /* SceneDelegate.swift */ = {isa = PBXFileReference; lastKnownFileType = sourcecode.swift; path = SceneDelegate.swift; sourceTree = "<group>"; };
		043617A327B6DF55009B977F /* ViewController.swift */ = {isa = PBXFileReference; lastKnownFileType = sourcecode.swift; path = ViewController.swift; sourceTree = "<group>"; };
		043617A627B6DF55009B977F /* Base */ = {isa = PBXFileReference; lastKnownFileType = file.storyboard; name = Base; path = Base.lproj/Main.storyboard; sourceTree = "<group>"; };
		043617A827B6DF56009B977F /* Assets.xcassets */ = {isa = PBXFileReference; lastKnownFileType = folder.assetcatalog; path = Assets.xcassets; sourceTree = "<group>"; };
		043617AB27B6DF56009B977F /* Base */ = {isa = PBXFileReference; lastKnownFileType = file.storyboard; name = Base; path = Base.lproj/LaunchScreen.storyboard; sourceTree = "<group>"; };
		043617AD27B6DF56009B977F /* Info.plist */ = {isa = PBXFileReference; lastKnownFileType = text.plist.xml; path = Info.plist; sourceTree = "<group>"; };
		043617B227B6DF56009B977F /* iMusicTests.xctest */ = {isa = PBXFileReference; explicitFileType = wrapper.cfbundle; includeInIndex = 0; path = iMusicTests.xctest; sourceTree = BUILT_PRODUCTS_DIR; };
		043617B627B6DF56009B977F /* iMusicTests.swift */ = {isa = PBXFileReference; lastKnownFileType = sourcecode.swift; path = iMusicTests.swift; sourceTree = "<group>"; };
		043617BC27B6DF56009B977F /* iMusicUITests.xctest */ = {isa = PBXFileReference; explicitFileType = wrapper.cfbundle; includeInIndex = 0; path = iMusicUITests.xctest; sourceTree = BUILT_PRODUCTS_DIR; };
		043617C027B6DF56009B977F /* iMusicUITests.swift */ = {isa = PBXFileReference; lastKnownFileType = sourcecode.swift; path = iMusicUITests.swift; sourceTree = "<group>"; };
		043617C227B6DF56009B977F /* iMusicUITestsLaunchTests.swift */ = {isa = PBXFileReference; lastKnownFileType = sourcecode.swift; path = iMusicUITestsLaunchTests.swift; sourceTree = "<group>"; };
		044DDF9A27C413A30027758B /* MiniPlayerView.swift */ = {isa = PBXFileReference; lastKnownFileType = sourcecode.swift; path = MiniPlayerView.swift; sourceTree = "<group>"; };
		044DDF9D27C419A90027758B /* UIColor+Util.swift */ = {isa = PBXFileReference; lastKnownFileType = sourcecode.swift; path = "UIColor+Util.swift"; sourceTree = "<group>"; };
		044DDFA027C41ECA0027758B /* MiniPlayerVM.swift */ = {isa = PBXFileReference; lastKnownFileType = sourcecode.swift; path = MiniPlayerVM.swift; sourceTree = "<group>"; };
		044DDFA227C420400027758B /* BaseView.swift */ = {isa = PBXFileReference; lastKnownFileType = sourcecode.swift; path = BaseView.swift; sourceTree = "<group>"; };
		044DDFA527C435BB0027758B /* AVPlayer+Rx.swift */ = {isa = PBXFileReference; lastKnownFileType = sourcecode.swift; path = "AVPlayer+Rx.swift"; sourceTree = "<group>"; };
		044DDFAA27C4C5D10027758B /* MiniAVPlayer.swift */ = {isa = PBXFileReference; lastKnownFileType = sourcecode.swift; path = MiniAVPlayer.swift; sourceTree = "<group>"; };
		044DDFAC27C4C77E0027758B /* Lottie+Util.swift */ = {isa = PBXFileReference; lastKnownFileType = sourcecode.swift; path = "Lottie+Util.swift"; sourceTree = "<group>"; };
		044DDFB127C530CD0027758B /* 93280-loading.json */ = {isa = PBXFileReference; fileEncoding = 4; lastKnownFileType = text.json; path = "93280-loading.json"; sourceTree = "<group>"; };
		044DDFBD27C559720027758B /* CMTime+Util.swift */ = {isa = PBXFileReference; lastKnownFileType = sourcecode.swift; path = "CMTime+Util.swift"; sourceTree = "<group>"; };
		044DDFBF27C56F380027758B /* UISlider+rx.swift */ = {isa = PBXFileReference; lastKnownFileType = sourcecode.swift; path = "UISlider+rx.swift"; sourceTree = "<group>"; };
		044DDFC127C5882D0027758B /* PlayerControlView.swift */ = {isa = PBXFileReference; lastKnownFileType = sourcecode.swift; path = PlayerControlView.swift; sourceTree = "<group>"; };
		044DDFC327C58A960027758B /* TrackCell.swift */ = {isa = PBXFileReference; fileEncoding = 4; lastKnownFileType = sourcecode.swift; path = TrackCell.swift; sourceTree = "<group>"; };
		044DDFC427C58A960027758B /* TrackCellVM.swift */ = {isa = PBXFileReference; fileEncoding = 4; lastKnownFileType = sourcecode.swift; path = TrackCellVM.swift; sourceTree = "<group>"; };
		044DDFC727C58AC50027758B /* PlayerViewController.swift */ = {isa = PBXFileReference; lastKnownFileType = sourcecode.swift; path = PlayerViewController.swift; sourceTree = "<group>"; };
		90C7F094A4D8FFCF111379E1 /* Pods_iMusic_iMusicUITests.framework */ = {isa = PBXFileReference; explicitFileType = wrapper.framework; includeInIndex = 0; path = Pods_iMusic_iMusicUITests.framework; sourceTree = BUILT_PRODUCTS_DIR; };
		B4B73ED70FC655D60196BE45 /* Pods-iMusic-iMusicUITests.debug.xcconfig */ = {isa = PBXFileReference; includeInIndex = 1; lastKnownFileType = text.xcconfig; name = "Pods-iMusic-iMusicUITests.debug.xcconfig"; path = "Target Support Files/Pods-iMusic-iMusicUITests/Pods-iMusic-iMusicUITests.debug.xcconfig"; sourceTree = "<group>"; };
		C82C5C17E671199B1387E090 /* Pods_iMusicTests.framework */ = {isa = PBXFileReference; explicitFileType = wrapper.framework; includeInIndex = 0; path = Pods_iMusicTests.framework; sourceTree = BUILT_PRODUCTS_DIR; };
		CAF5A0070DC56EDB97985632 /* Pods-iMusic-iMusicUITests.release.xcconfig */ = {isa = PBXFileReference; includeInIndex = 1; lastKnownFileType = text.xcconfig; name = "Pods-iMusic-iMusicUITests.release.xcconfig"; path = "Target Support Files/Pods-iMusic-iMusicUITests/Pods-iMusic-iMusicUITests.release.xcconfig"; sourceTree = "<group>"; };
		D9FD4683A60534F7FB8B079A /* Pods-iMusicTests.release.xcconfig */ = {isa = PBXFileReference; includeInIndex = 1; lastKnownFileType = text.xcconfig; name = "Pods-iMusicTests.release.xcconfig"; path = "Target Support Files/Pods-iMusicTests/Pods-iMusicTests.release.xcconfig"; sourceTree = "<group>"; };
		EFC991ED20B911ECDC63F2D3 /* Pods_iMusic.framework */ = {isa = PBXFileReference; explicitFileType = wrapper.framework; includeInIndex = 0; path = Pods_iMusic.framework; sourceTree = BUILT_PRODUCTS_DIR; };
		F935143E7E3CEACE8B678A9B /* Pods-iMusic.debug.xcconfig */ = {isa = PBXFileReference; includeInIndex = 1; lastKnownFileType = text.xcconfig; name = "Pods-iMusic.debug.xcconfig"; path = "Target Support Files/Pods-iMusic/Pods-iMusic.debug.xcconfig"; sourceTree = "<group>"; };
		FAAEAFC3D48FE95E413D3BC8 /* Pods-iMusic.release.xcconfig */ = {isa = PBXFileReference; includeInIndex = 1; lastKnownFileType = text.xcconfig; name = "Pods-iMusic.release.xcconfig"; path = "Target Support Files/Pods-iMusic/Pods-iMusic.release.xcconfig"; sourceTree = "<group>"; };
		FD2AEEC4C688AEA3A42038F9 /* Pods-iMusicTests.debug.xcconfig */ = {isa = PBXFileReference; includeInIndex = 1; lastKnownFileType = text.xcconfig; name = "Pods-iMusicTests.debug.xcconfig"; path = "Target Support Files/Pods-iMusicTests/Pods-iMusicTests.debug.xcconfig"; sourceTree = "<group>"; };
/* End PBXFileReference section */

/* Begin PBXFrameworksBuildPhase section */
		0436179927B6DF55009B977F /* Frameworks */ = {
			isa = PBXFrameworksBuildPhase;
			buildActionMask = 2147483647;
			files = (
				A49A831346982C4A5A17A45C /* Pods_iMusic.framework in Frameworks */,
			);
			runOnlyForDeploymentPostprocessing = 0;
		};
		043617AF27B6DF56009B977F /* Frameworks */ = {
			isa = PBXFrameworksBuildPhase;
			buildActionMask = 2147483647;
			files = (
				AE502C23FBD776640A90340B /* Pods_iMusicTests.framework in Frameworks */,
			);
			runOnlyForDeploymentPostprocessing = 0;
		};
		043617B927B6DF56009B977F /* Frameworks */ = {
			isa = PBXFrameworksBuildPhase;
			buildActionMask = 2147483647;
			files = (
				C9FD25B52A6FB61939EA189D /* Pods_iMusic_iMusicUITests.framework in Frameworks */,
			);
			runOnlyForDeploymentPostprocessing = 0;
		};
/* End PBXFrameworksBuildPhase section */

/* Begin PBXGroup section */
		0435DB5727B6FBD60021488D /* ViewControllers */ = {
			isa = PBXGroup;
			children = (
				044DDFB327C53DD40027758B /* Main */,
				044DDFB427C53E390027758B /* Player */,
			);
			path = ViewControllers;
			sourceTree = "<group>";
		};
		0435DB5827B6FBF70021488D /* Resource */ = {
			isa = PBXGroup;
			children = (
				044DDFA727C4C2B80027758B /* Lotties */,
				0435DB5927B6FC0B0021488D /* Storyboards */,
			);
			path = Resource;
			sourceTree = "<group>";
		};
		0435DB5927B6FC0B0021488D /* Storyboards */ = {
			isa = PBXGroup;
			children = (
				043617A527B6DF55009B977F /* Main.storyboard */,
				043617AA27B6DF56009B977F /* LaunchScreen.storyboard */,
			);
			path = Storyboards;
			sourceTree = "<group>";
		};
		0435DB5A27B820840021488D /* Network */ = {
			isa = PBXGroup;
			children = (
				0435DB5B27B825D10021488D /* ApiRequests.swift */,
				0435DB6027B836B30021488D /* NetworkManager.swift */,
				0435DB6227B8394E0021488D /* Responses */,
			);
			path = Network;
			sourceTree = "<group>";
		};
		0435DB5D27B827BA0021488D /* Configs */ = {
			isa = PBXGroup;
			children = (
				0435DB5E27B827CE0021488D /* AppConfigs.swift */,
			);
			path = Configs;
			sourceTree = "<group>";
		};
		0435DB6227B8394E0021488D /* Responses */ = {
			isa = PBXGroup;
			children = (
				0435DB6327B83AD90021488D /* TrackModel.swift */,
			);
			path = Responses;
			sourceTree = "<group>";
		};
		0435DB6727B84A850021488D /* CustomViews */ = {
			isa = PBXGroup;
			children = (
				0435DB6827B84A9A0021488D /* Base */,
				044DDF9F27C41EA90027758B /* Player */,
			);
			path = CustomViews;
			sourceTree = "<group>";
		};
		0435DB6827B84A9A0021488D /* Base */ = {
			isa = PBXGroup;
			children = (
				044DDFA227C420400027758B /* BaseView.swift */,
				0435DB6E27B84D6B0021488D /* BaseCollectionViewCell.swift */,
			);
			path = Base;
			sourceTree = "<group>";
		};
		0435DB6927B84CF30021488D /* Cells */ = {
			isa = PBXGroup;
			children = (
				044DDFC327C58A960027758B /* TrackCell.swift */,
				044DDFC427C58A960027758B /* TrackCellVM.swift */,
			);
			path = Cells;
			sourceTree = "<group>";
		};
		0436179327B6DF55009B977F = {
			isa = PBXGroup;
			children = (
				0436179E27B6DF55009B977F /* iMusic */,
				043617B527B6DF56009B977F /* iMusicTests */,
				043617BF27B6DF56009B977F /* iMusicUITests */,
				0436179D27B6DF55009B977F /* Products */,
				898CDAF25C8156E03C4BB013 /* Pods */,
				44245E217912027007BC3A4C /* Frameworks */,
			);
			sourceTree = "<group>";
		};
		0436179D27B6DF55009B977F /* Products */ = {
			isa = PBXGroup;
			children = (
				0436179C27B6DF55009B977F /* iMusic.app */,
				043617B227B6DF56009B977F /* iMusicTests.xctest */,
				043617BC27B6DF56009B977F /* iMusicUITests.xctest */,
			);
			name = Products;
			sourceTree = "<group>";
		};
		0436179E27B6DF55009B977F /* iMusic */ = {
			isa = PBXGroup;
			children = (
				0436179F27B6DF55009B977F /* AppDelegate.swift */,
				043617A127B6DF55009B977F /* SceneDelegate.swift */,
				0435DB5D27B827BA0021488D /* Configs */,
				044DDF9C27C419620027758B /* Extensions */,
				0435DB5A27B820840021488D /* Network */,
				0435DB6727B84A850021488D /* CustomViews */,
				0435DB5727B6FBD60021488D /* ViewControllers */,
				0435DB5827B6FBF70021488D /* Resource */,
				043617A827B6DF56009B977F /* Assets.xcassets */,
				043617AD27B6DF56009B977F /* Info.plist */,
			);
			path = iMusic;
			sourceTree = "<group>";
		};
		043617B527B6DF56009B977F /* iMusicTests */ = {
			isa = PBXGroup;
			children = (
				043617B627B6DF56009B977F /* iMusicTests.swift */,
			);
			path = iMusicTests;
			sourceTree = "<group>";
		};
		043617BF27B6DF56009B977F /* iMusicUITests */ = {
			isa = PBXGroup;
			children = (
				043617C027B6DF56009B977F /* iMusicUITests.swift */,
				043617C227B6DF56009B977F /* iMusicUITestsLaunchTests.swift */,
			);
			path = iMusicUITests;
			sourceTree = "<group>";
		};
		044DDF9C27C419620027758B /* Extensions */ = {
			isa = PBXGroup;
			children = (
				044DDF9D27C419A90027758B /* UIColor+Util.swift */,
				044DDFA527C435BB0027758B /* AVPlayer+Rx.swift */,
				044DDFAC27C4C77E0027758B /* Lottie+Util.swift */,
				044DDFBD27C559720027758B /* CMTime+Util.swift */,
				044DDFBF27C56F380027758B /* UISlider+rx.swift */,
			);
			path = Extensions;
			sourceTree = "<group>";
		};
		044DDF9F27C41EA90027758B /* Player */ = {
			isa = PBXGroup;
			children = (
				044DDFAA27C4C5D10027758B /* MiniAVPlayer.swift */,
				044DDF9A27C413A30027758B /* MiniPlayerView.swift */,
				044DDFA027C41ECA0027758B /* MiniPlayerVM.swift */,
			);
			path = Player;
			sourceTree = "<group>";
		};
		044DDFA727C4C2B80027758B /* Lotties */ = {
			isa = PBXGroup;
			children = (
				044DDFB127C530CD0027758B /* 93280-loading.json */,
			);
			path = Lotties;
			sourceTree = "<group>";
		};
		044DDFB327C53DD40027758B /* Main */ = {
			isa = PBXGroup;
			children = (
				0435DB6927B84CF30021488D /* Cells */,
				043617A327B6DF55009B977F /* ViewController.swift */,
				0435DB6527B84A0C0021488D /* ViewControllerVM.swift */,
				0435DB7827BC0EA10021488D /* MusicFlowLayout.swift */,
			);
			path = Main;
			sourceTree = "<group>";
		};
		044DDFB427C53E390027758B /* Player */ = {
			isa = PBXGroup;
			children = (
				044DDFC727C58AC50027758B /* PlayerViewController.swift */,
				044DDFB727C541B70027758B /* Views */,
			);
			path = Player;
			sourceTree = "<group>";
		};
		044DDFB727C541B70027758B /* Views */ = {
			isa = PBXGroup;
			children = (
				044DDFC127C5882D0027758B /* PlayerControlView.swift */,
			);
			path = Views;
			sourceTree = "<group>";
		};
		44245E217912027007BC3A4C /* Frameworks */ = {
			isa = PBXGroup;
			children = (
				EFC991ED20B911ECDC63F2D3 /* Pods_iMusic.framework */,
				90C7F094A4D8FFCF111379E1 /* Pods_iMusic_iMusicUITests.framework */,
				C82C5C17E671199B1387E090 /* Pods_iMusicTests.framework */,
			);
			name = Frameworks;
			sourceTree = "<group>";
		};
		898CDAF25C8156E03C4BB013 /* Pods */ = {
			isa = PBXGroup;
			children = (
				F935143E7E3CEACE8B678A9B /* Pods-iMusic.debug.xcconfig */,
				FAAEAFC3D48FE95E413D3BC8 /* Pods-iMusic.release.xcconfig */,
				B4B73ED70FC655D60196BE45 /* Pods-iMusic-iMusicUITests.debug.xcconfig */,
				CAF5A0070DC56EDB97985632 /* Pods-iMusic-iMusicUITests.release.xcconfig */,
				FD2AEEC4C688AEA3A42038F9 /* Pods-iMusicTests.debug.xcconfig */,
				D9FD4683A60534F7FB8B079A /* Pods-iMusicTests.release.xcconfig */,
			);
			path = Pods;
			sourceTree = "<group>";
		};
/* End PBXGroup section */

/* Begin PBXNativeTarget section */
		0436179B27B6DF55009B977F /* iMusic */ = {
			isa = PBXNativeTarget;
			buildConfigurationList = 043617C627B6DF56009B977F /* Build configuration list for PBXNativeTarget "iMusic" */;
			buildPhases = (
				88A49A235702FAB1E359EBD5 /* [CP] Check Pods Manifest.lock */,
				0436179827B6DF55009B977F /* Sources */,
				0436179927B6DF55009B977F /* Frameworks */,
				0436179A27B6DF55009B977F /* Resources */,
				CE75137621267E269600B9A1 /* [CP] Embed Pods Frameworks */,
			);
			buildRules = (
			);
			dependencies = (
			);
			name = iMusic;
			productName = iMusic;
			productReference = 0436179C27B6DF55009B977F /* iMusic.app */;
			productType = "com.apple.product-type.application";
		};
		043617B127B6DF56009B977F /* iMusicTests */ = {
			isa = PBXNativeTarget;
			buildConfigurationList = 043617C927B6DF56009B977F /* Build configuration list for PBXNativeTarget "iMusicTests" */;
			buildPhases = (
				DFF277E3096614F0E9F8F594 /* [CP] Check Pods Manifest.lock */,
				043617AE27B6DF56009B977F /* Sources */,
				043617AF27B6DF56009B977F /* Frameworks */,
				043617B027B6DF56009B977F /* Resources */,
			);
			buildRules = (
			);
			dependencies = (
				043617B427B6DF56009B977F /* PBXTargetDependency */,
			);
			name = iMusicTests;
			productName = iMusicTests;
			productReference = 043617B227B6DF56009B977F /* iMusicTests.xctest */;
			productType = "com.apple.product-type.bundle.unit-test";
		};
		043617BB27B6DF56009B977F /* iMusicUITests */ = {
			isa = PBXNativeTarget;
			buildConfigurationList = 043617CC27B6DF56009B977F /* Build configuration list for PBXNativeTarget "iMusicUITests" */;
			buildPhases = (
				6BAE041343B38C7BA1EBBC8F /* [CP] Check Pods Manifest.lock */,
				043617B827B6DF56009B977F /* Sources */,
				043617B927B6DF56009B977F /* Frameworks */,
				043617BA27B6DF56009B977F /* Resources */,
				F94866A71ED3A0E2B8E5F8C2 /* [CP] Embed Pods Frameworks */,
			);
			buildRules = (
			);
			dependencies = (
				043617BE27B6DF56009B977F /* PBXTargetDependency */,
			);
			name = iMusicUITests;
			productName = iMusicUITests;
			productReference = 043617BC27B6DF56009B977F /* iMusicUITests.xctest */;
			productType = "com.apple.product-type.bundle.ui-testing";
		};
/* End PBXNativeTarget section */

/* Begin PBXProject section */
		0436179427B6DF55009B977F /* Project object */ = {
			isa = PBXProject;
			attributes = {
				BuildIndependentTargetsInParallel = 1;
				LastSwiftUpdateCheck = 1320;
				LastUpgradeCheck = 1320;
				TargetAttributes = {
					0436179B27B6DF55009B977F = {
						CreatedOnToolsVersion = 13.2.1;
					};
					043617B127B6DF56009B977F = {
						CreatedOnToolsVersion = 13.2.1;
						TestTargetID = 0436179B27B6DF55009B977F;
					};
					043617BB27B6DF56009B977F = {
						CreatedOnToolsVersion = 13.2.1;
						TestTargetID = 0436179B27B6DF55009B977F;
					};
				};
			};
			buildConfigurationList = 0436179727B6DF55009B977F /* Build configuration list for PBXProject "iMusic" */;
			compatibilityVersion = "Xcode 13.0";
			developmentRegion = en;
			hasScannedForEncodings = 0;
			knownRegions = (
				en,
				Base,
			);
			mainGroup = 0436179327B6DF55009B977F;
			productRefGroup = 0436179D27B6DF55009B977F /* Products */;
			projectDirPath = "";
			projectRoot = "";
			targets = (
				0436179B27B6DF55009B977F /* iMusic */,
				043617B127B6DF56009B977F /* iMusicTests */,
				043617BB27B6DF56009B977F /* iMusicUITests */,
			);
		};
/* End PBXProject section */

/* Begin PBXResourcesBuildPhase section */
		0436179A27B6DF55009B977F /* Resources */ = {
			isa = PBXResourcesBuildPhase;
			buildActionMask = 2147483647;
			files = (
				043617AC27B6DF56009B977F /* LaunchScreen.storyboard in Resources */,
				043617A927B6DF56009B977F /* Assets.xcassets in Resources */,
				043617A727B6DF55009B977F /* Main.storyboard in Resources */,
				044DDFB227C530CD0027758B /* 93280-loading.json in Resources */,
			);
			runOnlyForDeploymentPostprocessing = 0;
		};
		043617B027B6DF56009B977F /* Resources */ = {
			isa = PBXResourcesBuildPhase;
			buildActionMask = 2147483647;
			files = (
			);
			runOnlyForDeploymentPostprocessing = 0;
		};
		043617BA27B6DF56009B977F /* Resources */ = {
			isa = PBXResourcesBuildPhase;
			buildActionMask = 2147483647;
			files = (
			);
			runOnlyForDeploymentPostprocessing = 0;
		};
/* End PBXResourcesBuildPhase section */

/* Begin PBXShellScriptBuildPhase section */
		6BAE041343B38C7BA1EBBC8F /* [CP] Check Pods Manifest.lock */ = {
			isa = PBXShellScriptBuildPhase;
			buildActionMask = 2147483647;
			files = (
			);
			inputFileListPaths = (
			);
			inputPaths = (
				"${PODS_PODFILE_DIR_PATH}/Podfile.lock",
				"${PODS_ROOT}/Manifest.lock",
			);
			name = "[CP] Check Pods Manifest.lock";
			outputFileListPaths = (
			);
			outputPaths = (
				"$(DERIVED_FILE_DIR)/Pods-iMusic-iMusicUITests-checkManifestLockResult.txt",
			);
			runOnlyForDeploymentPostprocessing = 0;
			shellPath = /bin/sh;
			shellScript = "diff \"${PODS_PODFILE_DIR_PATH}/Podfile.lock\" \"${PODS_ROOT}/Manifest.lock\" > /dev/null\nif [ $? != 0 ] ; then\n    # print error to STDERR\n    echo \"error: The sandbox is not in sync with the Podfile.lock. Run 'pod install' or update your CocoaPods installation.\" >&2\n    exit 1\nfi\n# This output is used by Xcode 'outputs' to avoid re-running this script phase.\necho \"SUCCESS\" > \"${SCRIPT_OUTPUT_FILE_0}\"\n";
			showEnvVarsInLog = 0;
		};
		88A49A235702FAB1E359EBD5 /* [CP] Check Pods Manifest.lock */ = {
			isa = PBXShellScriptBuildPhase;
			buildActionMask = 2147483647;
			files = (
			);
			inputFileListPaths = (
			);
			inputPaths = (
				"${PODS_PODFILE_DIR_PATH}/Podfile.lock",
				"${PODS_ROOT}/Manifest.lock",
			);
			name = "[CP] Check Pods Manifest.lock";
			outputFileListPaths = (
			);
			outputPaths = (
				"$(DERIVED_FILE_DIR)/Pods-iMusic-checkManifestLockResult.txt",
			);
			runOnlyForDeploymentPostprocessing = 0;
			shellPath = /bin/sh;
			shellScript = "diff \"${PODS_PODFILE_DIR_PATH}/Podfile.lock\" \"${PODS_ROOT}/Manifest.lock\" > /dev/null\nif [ $? != 0 ] ; then\n    # print error to STDERR\n    echo \"error: The sandbox is not in sync with the Podfile.lock. Run 'pod install' or update your CocoaPods installation.\" >&2\n    exit 1\nfi\n# This output is used by Xcode 'outputs' to avoid re-running this script phase.\necho \"SUCCESS\" > \"${SCRIPT_OUTPUT_FILE_0}\"\n";
			showEnvVarsInLog = 0;
		};
		CE75137621267E269600B9A1 /* [CP] Embed Pods Frameworks */ = {
			isa = PBXShellScriptBuildPhase;
			buildActionMask = 2147483647;
			files = (
			);
			inputFileListPaths = (
				"${PODS_ROOT}/Target Support Files/Pods-iMusic/Pods-iMusic-frameworks-${CONFIGURATION}-input-files.xcfilelist",
			);
			name = "[CP] Embed Pods Frameworks";
			outputFileListPaths = (
				"${PODS_ROOT}/Target Support Files/Pods-iMusic/Pods-iMusic-frameworks-${CONFIGURATION}-output-files.xcfilelist",
			);
			runOnlyForDeploymentPostprocessing = 0;
			shellPath = /bin/sh;
			shellScript = "\"${PODS_ROOT}/Target Support Files/Pods-iMusic/Pods-iMusic-frameworks.sh\"\n";
			showEnvVarsInLog = 0;
		};
		DFF277E3096614F0E9F8F594 /* [CP] Check Pods Manifest.lock */ = {
			isa = PBXShellScriptBuildPhase;
			buildActionMask = 2147483647;
			files = (
			);
			inputFileListPaths = (
			);
			inputPaths = (
				"${PODS_PODFILE_DIR_PATH}/Podfile.lock",
				"${PODS_ROOT}/Manifest.lock",
			);
			name = "[CP] Check Pods Manifest.lock";
			outputFileListPaths = (
			);
			outputPaths = (
				"$(DERIVED_FILE_DIR)/Pods-iMusicTests-checkManifestLockResult.txt",
			);
			runOnlyForDeploymentPostprocessing = 0;
			shellPath = /bin/sh;
			shellScript = "diff \"${PODS_PODFILE_DIR_PATH}/Podfile.lock\" \"${PODS_ROOT}/Manifest.lock\" > /dev/null\nif [ $? != 0 ] ; then\n    # print error to STDERR\n    echo \"error: The sandbox is not in sync with the Podfile.lock. Run 'pod install' or update your CocoaPods installation.\" >&2\n    exit 1\nfi\n# This output is used by Xcode 'outputs' to avoid re-running this script phase.\necho \"SUCCESS\" > \"${SCRIPT_OUTPUT_FILE_0}\"\n";
			showEnvVarsInLog = 0;
		};
		F94866A71ED3A0E2B8E5F8C2 /* [CP] Embed Pods Frameworks */ = {
			isa = PBXShellScriptBuildPhase;
			buildActionMask = 2147483647;
			files = (
			);
			inputFileListPaths = (
				"${PODS_ROOT}/Target Support Files/Pods-iMusic-iMusicUITests/Pods-iMusic-iMusicUITests-frameworks-${CONFIGURATION}-input-files.xcfilelist",
			);
			name = "[CP] Embed Pods Frameworks";
			outputFileListPaths = (
				"${PODS_ROOT}/Target Support Files/Pods-iMusic-iMusicUITests/Pods-iMusic-iMusicUITests-frameworks-${CONFIGURATION}-output-files.xcfilelist",
			);
			runOnlyForDeploymentPostprocessing = 0;
			shellPath = /bin/sh;
			shellScript = "\"${PODS_ROOT}/Target Support Files/Pods-iMusic-iMusicUITests/Pods-iMusic-iMusicUITests-frameworks.sh\"\n";
			showEnvVarsInLog = 0;
		};
/* End PBXShellScriptBuildPhase section */

/* Begin PBXSourcesBuildPhase section */
		0436179827B6DF55009B977F /* Sources */ = {
			isa = PBXSourcesBuildPhase;
			buildActionMask = 2147483647;
			files = (
				0435DB6127B836B30021488D /* NetworkManager.swift in Sources */,
				044DDFC627C58A960027758B /* TrackCellVM.swift in Sources */,
				044DDFC027C56F380027758B /* UISlider+rx.swift in Sources */,
				043617A427B6DF55009B977F /* ViewController.swift in Sources */,
				0435DB6427B83AD90021488D /* TrackModel.swift in Sources */,
				044DDF9B27C413A30027758B /* MiniPlayerView.swift in Sources */,
				044DDFBE27C559720027758B /* CMTime+Util.swift in Sources */,
				044DDFAD27C4C77E0027758B /* Lottie+Util.swift in Sources */,
				0435DB6627B84A0C0021488D /* ViewControllerVM.swift in Sources */,
				044DDFC527C58A960027758B /* TrackCell.swift in Sources */,
				043617A027B6DF55009B977F /* AppDelegate.swift in Sources */,
				0435DB6F27B84D6B0021488D /* BaseCollectionViewCell.swift in Sources */,
				0435DB7927BC0EA10021488D /* MusicFlowLayout.swift in Sources */,
				0435DB5C27B825D10021488D /* ApiRequests.swift in Sources */,
				044DDFAB27C4C5D10027758B /* MiniAVPlayer.swift in Sources */,
				044DDFC227C5882D0027758B /* PlayerControlView.swift in Sources */,
				044DDFC827C58AC50027758B /* PlayerViewController.swift in Sources */,
				0435DB5F27B827CE0021488D /* AppConfigs.swift in Sources */,
				044DDF9E27C419A90027758B /* UIColor+Util.swift in Sources */,
				044DDFA127C41ECA0027758B /* MiniPlayerVM.swift in Sources */,
				043617A227B6DF55009B977F /* SceneDelegate.swift in Sources */,
				044DDFA627C435BB0027758B /* AVPlayer+Rx.swift in Sources */,
				044DDFA327C420400027758B /* BaseView.swift in Sources */,
			);
			runOnlyForDeploymentPostprocessing = 0;
		};
		043617AE27B6DF56009B977F /* Sources */ = {
			isa = PBXSourcesBuildPhase;
			buildActionMask = 2147483647;
			files = (
				043617B727B6DF56009B977F /* iMusicTests.swift in Sources */,
			);
			runOnlyForDeploymentPostprocessing = 0;
		};
		043617B827B6DF56009B977F /* Sources */ = {
			isa = PBXSourcesBuildPhase;
			buildActionMask = 2147483647;
			files = (
				043617C327B6DF56009B977F /* iMusicUITestsLaunchTests.swift in Sources */,
				043617C127B6DF56009B977F /* iMusicUITests.swift in Sources */,
			);
			runOnlyForDeploymentPostprocessing = 0;
		};
/* End PBXSourcesBuildPhase section */

/* Begin PBXTargetDependency section */
		043617B427B6DF56009B977F /* PBXTargetDependency */ = {
			isa = PBXTargetDependency;
			target = 0436179B27B6DF55009B977F /* iMusic */;
			targetProxy = 043617B327B6DF56009B977F /* PBXContainerItemProxy */;
		};
		043617BE27B6DF56009B977F /* PBXTargetDependency */ = {
			isa = PBXTargetDependency;
			target = 0436179B27B6DF55009B977F /* iMusic */;
			targetProxy = 043617BD27B6DF56009B977F /* PBXContainerItemProxy */;
		};
/* End PBXTargetDependency section */

/* Begin PBXVariantGroup section */
		043617A527B6DF55009B977F /* Main.storyboard */ = {
			isa = PBXVariantGroup;
			children = (
				043617A627B6DF55009B977F /* Base */,
			);
			name = Main.storyboard;
			sourceTree = "<group>";
		};
		043617AA27B6DF56009B977F /* LaunchScreen.storyboard */ = {
			isa = PBXVariantGroup;
			children = (
				043617AB27B6DF56009B977F /* Base */,
			);
			name = LaunchScreen.storyboard;
			sourceTree = "<group>";
		};
/* End PBXVariantGroup section */

/* Begin XCBuildConfiguration section */
		043617C427B6DF56009B977F /* Debug */ = {
			isa = XCBuildConfiguration;
			buildSettings = {
				ALWAYS_SEARCH_USER_PATHS = NO;
				CLANG_ANALYZER_NONNULL = YES;
				CLANG_ANALYZER_NUMBER_OBJECT_CONVERSION = YES_AGGRESSIVE;
				CLANG_CXX_LANGUAGE_STANDARD = "gnu++17";
				CLANG_CXX_LIBRARY = "libc++";
				CLANG_ENABLE_MODULES = YES;
				CLANG_ENABLE_OBJC_ARC = YES;
				CLANG_ENABLE_OBJC_WEAK = YES;
				CLANG_WARN_BLOCK_CAPTURE_AUTORELEASING = YES;
				CLANG_WARN_BOOL_CONVERSION = YES;
				CLANG_WARN_COMMA = YES;
				CLANG_WARN_CONSTANT_CONVERSION = YES;
				CLANG_WARN_DEPRECATED_OBJC_IMPLEMENTATIONS = YES;
				CLANG_WARN_DIRECT_OBJC_ISA_USAGE = YES_ERROR;
				CLANG_WARN_DOCUMENTATION_COMMENTS = YES;
				CLANG_WARN_EMPTY_BODY = YES;
				CLANG_WARN_ENUM_CONVERSION = YES;
				CLANG_WARN_INFINITE_RECURSION = YES;
				CLANG_WARN_INT_CONVERSION = YES;
				CLANG_WARN_NON_LITERAL_NULL_CONVERSION = YES;
				CLANG_WARN_OBJC_IMPLICIT_RETAIN_SELF = YES;
				CLANG_WARN_OBJC_LITERAL_CONVERSION = YES;
				CLANG_WARN_OBJC_ROOT_CLASS = YES_ERROR;
				CLANG_WARN_QUOTED_INCLUDE_IN_FRAMEWORK_HEADER = YES;
				CLANG_WARN_RANGE_LOOP_ANALYSIS = YES;
				CLANG_WARN_STRICT_PROTOTYPES = YES;
				CLANG_WARN_SUSPICIOUS_MOVE = YES;
				CLANG_WARN_UNGUARDED_AVAILABILITY = YES_AGGRESSIVE;
				CLANG_WARN_UNREACHABLE_CODE = YES;
				CLANG_WARN__DUPLICATE_METHOD_MATCH = YES;
				COPY_PHASE_STRIP = NO;
				DEBUG_INFORMATION_FORMAT = dwarf;
				ENABLE_STRICT_OBJC_MSGSEND = YES;
				ENABLE_TESTABILITY = YES;
				GCC_C_LANGUAGE_STANDARD = gnu11;
				GCC_DYNAMIC_NO_PIC = NO;
				GCC_NO_COMMON_BLOCKS = YES;
				GCC_OPTIMIZATION_LEVEL = 0;
				GCC_PREPROCESSOR_DEFINITIONS = (
					"DEBUG=1",
					"$(inherited)",
				);
				GCC_WARN_64_TO_32_BIT_CONVERSION = YES;
				GCC_WARN_ABOUT_RETURN_TYPE = YES_ERROR;
				GCC_WARN_UNDECLARED_SELECTOR = YES;
				GCC_WARN_UNINITIALIZED_AUTOS = YES_AGGRESSIVE;
				GCC_WARN_UNUSED_FUNCTION = YES;
				GCC_WARN_UNUSED_VARIABLE = YES;
				IPHONEOS_DEPLOYMENT_TARGET = 15.2;
				MTL_ENABLE_DEBUG_INFO = INCLUDE_SOURCE;
				MTL_FAST_MATH = YES;
				ONLY_ACTIVE_ARCH = YES;
				SDKROOT = iphoneos;
				SWIFT_ACTIVE_COMPILATION_CONDITIONS = DEBUG;
				SWIFT_OPTIMIZATION_LEVEL = "-Onone";
			};
			name = Debug;
		};
		043617C527B6DF56009B977F /* Release */ = {
			isa = XCBuildConfiguration;
			buildSettings = {
				ALWAYS_SEARCH_USER_PATHS = NO;
				CLANG_ANALYZER_NONNULL = YES;
				CLANG_ANALYZER_NUMBER_OBJECT_CONVERSION = YES_AGGRESSIVE;
				CLANG_CXX_LANGUAGE_STANDARD = "gnu++17";
				CLANG_CXX_LIBRARY = "libc++";
				CLANG_ENABLE_MODULES = YES;
				CLANG_ENABLE_OBJC_ARC = YES;
				CLANG_ENABLE_OBJC_WEAK = YES;
				CLANG_WARN_BLOCK_CAPTURE_AUTORELEASING = YES;
				CLANG_WARN_BOOL_CONVERSION = YES;
				CLANG_WARN_COMMA = YES;
				CLANG_WARN_CONSTANT_CONVERSION = YES;
				CLANG_WARN_DEPRECATED_OBJC_IMPLEMENTATIONS = YES;
				CLANG_WARN_DIRECT_OBJC_ISA_USAGE = YES_ERROR;
				CLANG_WARN_DOCUMENTATION_COMMENTS = YES;
				CLANG_WARN_EMPTY_BODY = YES;
				CLANG_WARN_ENUM_CONVERSION = YES;
				CLANG_WARN_INFINITE_RECURSION = YES;
				CLANG_WARN_INT_CONVERSION = YES;
				CLANG_WARN_NON_LITERAL_NULL_CONVERSION = YES;
				CLANG_WARN_OBJC_IMPLICIT_RETAIN_SELF = YES;
				CLANG_WARN_OBJC_LITERAL_CONVERSION = YES;
				CLANG_WARN_OBJC_ROOT_CLASS = YES_ERROR;
				CLANG_WARN_QUOTED_INCLUDE_IN_FRAMEWORK_HEADER = YES;
				CLANG_WARN_RANGE_LOOP_ANALYSIS = YES;
				CLANG_WARN_STRICT_PROTOTYPES = YES;
				CLANG_WARN_SUSPICIOUS_MOVE = YES;
				CLANG_WARN_UNGUARDED_AVAILABILITY = YES_AGGRESSIVE;
				CLANG_WARN_UNREACHABLE_CODE = YES;
				CLANG_WARN__DUPLICATE_METHOD_MATCH = YES;
				COPY_PHASE_STRIP = NO;
				DEBUG_INFORMATION_FORMAT = "dwarf-with-dsym";
				ENABLE_NS_ASSERTIONS = NO;
				ENABLE_STRICT_OBJC_MSGSEND = YES;
				GCC_C_LANGUAGE_STANDARD = gnu11;
				GCC_NO_COMMON_BLOCKS = YES;
				GCC_WARN_64_TO_32_BIT_CONVERSION = YES;
				GCC_WARN_ABOUT_RETURN_TYPE = YES_ERROR;
				GCC_WARN_UNDECLARED_SELECTOR = YES;
				GCC_WARN_UNINITIALIZED_AUTOS = YES_AGGRESSIVE;
				GCC_WARN_UNUSED_FUNCTION = YES;
				GCC_WARN_UNUSED_VARIABLE = YES;
				IPHONEOS_DEPLOYMENT_TARGET = 15.2;
				MTL_ENABLE_DEBUG_INFO = NO;
				MTL_FAST_MATH = YES;
				SDKROOT = iphoneos;
				SWIFT_COMPILATION_MODE = wholemodule;
				SWIFT_OPTIMIZATION_LEVEL = "-O";
				VALIDATE_PRODUCT = YES;
			};
			name = Release;
		};
		043617C727B6DF56009B977F /* Debug */ = {
			isa = XCBuildConfiguration;
			baseConfigurationReference = F935143E7E3CEACE8B678A9B /* Pods-iMusic.debug.xcconfig */;
			buildSettings = {
				ASSETCATALOG_COMPILER_APPICON_NAME = AppIcon;
				ASSETCATALOG_COMPILER_GLOBAL_ACCENT_COLOR_NAME = AccentColor;
				CODE_SIGN_STYLE = Automatic;
				CURRENT_PROJECT_VERSION = 1;
				DEVELOPMENT_TEAM = 24Q774U2FS;
				GENERATE_INFOPLIST_FILE = YES;
				INFOPLIST_FILE = iMusic/Info.plist;
				INFOPLIST_KEY_UIApplicationSupportsIndirectInputEvents = YES;
				INFOPLIST_KEY_UILaunchStoryboardName = LaunchScreen;
				INFOPLIST_KEY_UIMainStoryboardFile = Main;
				INFOPLIST_KEY_UISupportedInterfaceOrientations_iPad = "UIInterfaceOrientationPortrait UIInterfaceOrientationPortraitUpsideDown UIInterfaceOrientationLandscapeLeft UIInterfaceOrientationLandscapeRight";
				INFOPLIST_KEY_UISupportedInterfaceOrientations_iPhone = "UIInterfaceOrientationPortrait UIInterfaceOrientationLandscapeLeft UIInterfaceOrientationLandscapeRight";
				LD_RUNPATH_SEARCH_PATHS = (
					"$(inherited)",
					"@executable_path/Frameworks",
				);
				MARKETING_VERSION = 1.0;
				PRODUCT_BUNDLE_IDENTIFIER = com.sp.iMusic;
				PRODUCT_NAME = "$(TARGET_NAME)";
				SWIFT_EMIT_LOC_STRINGS = YES;
				SWIFT_VERSION = 5.0;
				TARGETED_DEVICE_FAMILY = "1,2";
			};
			name = Debug;
		};
		043617C827B6DF56009B977F /* Release */ = {
			isa = XCBuildConfiguration;
			baseConfigurationReference = FAAEAFC3D48FE95E413D3BC8 /* Pods-iMusic.release.xcconfig */;
			buildSettings = {
				ASSETCATALOG_COMPILER_APPICON_NAME = AppIcon;
				ASSETCATALOG_COMPILER_GLOBAL_ACCENT_COLOR_NAME = AccentColor;
				CODE_SIGN_STYLE = Automatic;
				CURRENT_PROJECT_VERSION = 1;
				DEVELOPMENT_TEAM = 24Q774U2FS;
				GENERATE_INFOPLIST_FILE = YES;
				INFOPLIST_FILE = iMusic/Info.plist;
				INFOPLIST_KEY_UIApplicationSupportsIndirectInputEvents = YES;
				INFOPLIST_KEY_UILaunchStoryboardName = LaunchScreen;
				INFOPLIST_KEY_UIMainStoryboardFile = Main;
				INFOPLIST_KEY_UISupportedInterfaceOrientations_iPad = "UIInterfaceOrientationPortrait UIInterfaceOrientationPortraitUpsideDown UIInterfaceOrientationLandscapeLeft UIInterfaceOrientationLandscapeRight";
				INFOPLIST_KEY_UISupportedInterfaceOrientations_iPhone = "UIInterfaceOrientationPortrait UIInterfaceOrientationLandscapeLeft UIInterfaceOrientationLandscapeRight";
				LD_RUNPATH_SEARCH_PATHS = (
					"$(inherited)",
					"@executable_path/Frameworks",
				);
				MARKETING_VERSION = 1.0;
				PRODUCT_BUNDLE_IDENTIFIER = com.sp.iMusic;
				PRODUCT_NAME = "$(TARGET_NAME)";
				SWIFT_EMIT_LOC_STRINGS = YES;
				SWIFT_VERSION = 5.0;
				TARGETED_DEVICE_FAMILY = "1,2";
			};
			name = Release;
		};
		043617CA27B6DF56009B977F /* Debug */ = {
			isa = XCBuildConfiguration;
			baseConfigurationReference = FD2AEEC4C688AEA3A42038F9 /* Pods-iMusicTests.debug.xcconfig */;
			buildSettings = {
				ALWAYS_EMBED_SWIFT_STANDARD_LIBRARIES = YES;
				BUNDLE_LOADER = "$(TEST_HOST)";
				CODE_SIGN_STYLE = Automatic;
				CURRENT_PROJECT_VERSION = 1;
				DEVELOPMENT_TEAM = 24Q774U2FS;
				GENERATE_INFOPLIST_FILE = YES;
				IPHONEOS_DEPLOYMENT_TARGET = 15.2;
				MARKETING_VERSION = 1.0;
				PRODUCT_BUNDLE_IDENTIFIER = com.sp.iMusicTests;
				PRODUCT_NAME = "$(TARGET_NAME)";
				SWIFT_EMIT_LOC_STRINGS = NO;
				SWIFT_VERSION = 5.0;
				TARGETED_DEVICE_FAMILY = "1,2";
				TEST_HOST = "$(BUILT_PRODUCTS_DIR)/iMusic.app/iMusic";
			};
			name = Debug;
		};
		043617CB27B6DF56009B977F /* Release */ = {
			isa = XCBuildConfiguration;
			baseConfigurationReference = D9FD4683A60534F7FB8B079A /* Pods-iMusicTests.release.xcconfig */;
			buildSettings = {
				ALWAYS_EMBED_SWIFT_STANDARD_LIBRARIES = YES;
				BUNDLE_LOADER = "$(TEST_HOST)";
				CODE_SIGN_STYLE = Automatic;
				CURRENT_PROJECT_VERSION = 1;
				DEVELOPMENT_TEAM = 24Q774U2FS;
				GENERATE_INFOPLIST_FILE = YES;
				IPHONEOS_DEPLOYMENT_TARGET = 15.2;
				MARKETING_VERSION = 1.0;
				PRODUCT_BUNDLE_IDENTIFIER = com.sp.iMusicTests;
				PRODUCT_NAME = "$(TARGET_NAME)";
				SWIFT_EMIT_LOC_STRINGS = NO;
				SWIFT_VERSION = 5.0;
				TARGETED_DEVICE_FAMILY = "1,2";
				TEST_HOST = "$(BUILT_PRODUCTS_DIR)/iMusic.app/iMusic";
			};
			name = Release;
		};
		043617CD27B6DF56009B977F /* Debug */ = {
			isa = XCBuildConfiguration;
			baseConfigurationReference = B4B73ED70FC655D60196BE45 /* Pods-iMusic-iMusicUITests.debug.xcconfig */;
			buildSettings = {
				ALWAYS_EMBED_SWIFT_STANDARD_LIBRARIES = YES;
				CODE_SIGN_STYLE = Automatic;
				CURRENT_PROJECT_VERSION = 1;
				DEVELOPMENT_TEAM = 24Q774U2FS;
				GENERATE_INFOPLIST_FILE = YES;
				MARKETING_VERSION = 1.0;
				PRODUCT_BUNDLE_IDENTIFIER = com.sp.iMusicUITests;
				PRODUCT_NAME = "$(TARGET_NAME)";
				SWIFT_EMIT_LOC_STRINGS = NO;
				SWIFT_VERSION = 5.0;
				TARGETED_DEVICE_FAMILY = "1,2";
				TEST_TARGET_NAME = iMusic;
			};
			name = Debug;
		};
		043617CE27B6DF56009B977F /* Release */ = {
			isa = XCBuildConfiguration;
			baseConfigurationReference = CAF5A0070DC56EDB97985632 /* Pods-iMusic-iMusicUITests.release.xcconfig */;
			buildSettings = {
				ALWAYS_EMBED_SWIFT_STANDARD_LIBRARIES = YES;
				CODE_SIGN_STYLE = Automatic;
				CURRENT_PROJECT_VERSION = 1;
				DEVELOPMENT_TEAM = 24Q774U2FS;
				GENERATE_INFOPLIST_FILE = YES;
				MARKETING_VERSION = 1.0;
				PRODUCT_BUNDLE_IDENTIFIER = com.sp.iMusicUITests;
				PRODUCT_NAME = "$(TARGET_NAME)";
				SWIFT_EMIT_LOC_STRINGS = NO;
				SWIFT_VERSION = 5.0;
				TARGETED_DEVICE_FAMILY = "1,2";
				TEST_TARGET_NAME = iMusic;
			};
			name = Release;
		};
/* End XCBuildConfiguration section */

/* Begin XCConfigurationList section */
		0436179727B6DF55009B977F /* Build configuration list for PBXProject "iMusic" */ = {
			isa = XCConfigurationList;
			buildConfigurations = (
				043617C427B6DF56009B977F /* Debug */,
				043617C527B6DF56009B977F /* Release */,
			);
			defaultConfigurationIsVisible = 0;
			defaultConfigurationName = Release;
		};
		043617C627B6DF56009B977F /* Build configuration list for PBXNativeTarget "iMusic" */ = {
			isa = XCConfigurationList;
			buildConfigurations = (
				043617C727B6DF56009B977F /* Debug */,
				043617C827B6DF56009B977F /* Release */,
			);
			defaultConfigurationIsVisible = 0;
			defaultConfigurationName = Release;
		};
		043617C927B6DF56009B977F /* Build configuration list for PBXNativeTarget "iMusicTests" */ = {
			isa = XCConfigurationList;
			buildConfigurations = (
				043617CA27B6DF56009B977F /* Debug */,
				043617CB27B6DF56009B977F /* Release */,
			);
			defaultConfigurationIsVisible = 0;
			defaultConfigurationName = Release;
		};
		043617CC27B6DF56009B977F /* Build configuration list for PBXNativeTarget "iMusicUITests" */ = {
			isa = XCConfigurationList;
			buildConfigurations = (
				043617CD27B6DF56009B977F /* Debug */,
				043617CE27B6DF56009B977F /* Release */,
			);
			defaultConfigurationIsVisible = 0;
			defaultConfigurationName = Release;
		};
/* End XCConfigurationList section */
	};
	rootObject = 0436179427B6DF55009B977F /* Project object */;
}
